
Microsoft Visual Studio Solution File, Format Version 12.00
# Visual Studio Version 16
VisualStudioVersion = 16.0.31624.102
MinimumVisualStudioVersion = 10.0.40219.1
Project("{FAE04EC0-301F-11D3-BF4B-00C04F79EFBC}") = "CryptoCurrency", "CryptoCurrency.csproj", "{295ED529-D266-4D15-B534-BE939CEADEED}"
EndProject
Global
	GlobalSection(SolutionConfigurationPlatforms) = preSolution
		Debug|Any CPU = Debug|Any CPU
		Release|Any CPU = Release|Any CPU
	EndGlobalSection
	GlobalSection(ProjectConfigurationPlatforms) = postSolution
		{295ED529-D266-4D15-B534-BE939CEADEED}.Debug|Any CPU.ActiveCfg = Debug|Any CPU
		{295ED529-D266-4D15-B534-BE939CEADEED}.Debug|Any CPU.Build.0 = Debug|Any CPU
		{295ED529-D266-4D15-B534-BE939CEADEED}.Release|Any CPU.ActiveCfg = Release|Any CPU
		{295ED529-D266-4D15-B534-BE939CEADEED}.Release|Any CPU.Build.0 = Release|Any CPU
	EndGlobalSection
	GlobalSection(SolutionProperties) = preSolution
		HideSolutionNode = FALSE
	EndGlobalSection
	GlobalSection(ExtensibilityGlobals) = postSolution
		SolutionGuid = {67B01141-89CA-49C9-AEA5-E1300BFD404D}
	EndGlobalSection
EndGlobal
